
Microsoft Visual Studio Solution File, Format Version 12.00
# Visual Studio Version 17
VisualStudioVersion = 17.13.35931.197 d17.13
MinimumVisualStudioVersion = 10.0.40219.1
Project("{FAE04EC0-301F-11D3-BF4B-00C04F79EFBC}") = "лаб 3 for", "лаб 3 for\лаб 3 for.csproj", "{1ECB9385-C4BB-4B20-98A4-00AB889C9B01}"
EndProject
Global
	GlobalSection(SolutionConfigurationPlatforms) = preSolution
		Debug|Any CPU = Debug|Any CPU
		Release|Any CPU = Release|Any CPU
	EndGlobalSection
	GlobalSection(ProjectConfigurationPlatforms) = postSolution
		{1ECB9385-C4BB-4B20-98A4-00AB889C9B01}.Debug|Any CPU.ActiveCfg = Debug|Any CPU
		{1ECB9385-C4BB-4B20-98A4-00AB889C9B01}.Debug|Any CPU.Build.0 = Debug|Any CPU
		{1ECB9385-C4BB-4B20-98A4-00AB889C9B01}.Release|Any CPU.ActiveCfg = Release|Any CPU
		{1ECB9385-C4BB-4B20-98A4-00AB889C9B01}.Release|Any CPU.Build.0 = Release|Any CPU
	EndGlobalSection
	GlobalSection(SolutionProperties) = preSolution
		HideSolutionNode = FALSE
	EndGlobalSection
	GlobalSection(ExtensibilityGlobals) = postSolution
		SolutionGuid = {29051920-3AE6-4C9F-8362-920EC7D77B29}
	EndGlobalSection
EndGlobal
